
Microsoft Visual Studio Solution File, Format Version 12.00
# Visual Studio 15
VisualStudioVersion = 15.0.28010.2003
MinimumVisualStudioVersion = 10.0.40219.1
Project("{FAE04EC0-301F-11D3-BF4B-00C04F79EFBC}") = "pruebota del bañuelos", "pruebota del bañuelos\pruebota del bañuelos.csproj", "{F144A6B9-DF51-43D5-B589-BB5982B10FF9}"
EndProject
Global
	GlobalSection(SolutionConfigurationPlatforms) = preSolution
		Debug|Any CPU = Debug|Any CPU
		Release|Any CPU = Release|Any CPU
	EndGlobalSection
	GlobalSection(ProjectConfigurationPlatforms) = postSolution
		{F144A6B9-DF51-43D5-B589-BB5982B10FF9}.Debug|Any CPU.ActiveCfg = Debug|Any CPU
		{F144A6B9-DF51-43D5-B589-BB5982B10FF9}.Debug|Any CPU.Build.0 = Debug|Any CPU
		{F144A6B9-DF51-43D5-B589-BB5982B10FF9}.Release|Any CPU.ActiveCfg = Release|Any CPU
		{F144A6B9-DF51-43D5-B589-BB5982B10FF9}.Release|Any CPU.Build.0 = Release|Any CPU
	EndGlobalSection
	GlobalSection(SolutionProperties) = preSolution
		HideSolutionNode = FALSE
	EndGlobalSection
	GlobalSection(ExtensibilityGlobals) = postSolution
		SolutionGuid = {A49C4BC8-0978-447D-922F-5C9EC41318EB}
	EndGlobalSection
EndGlobal
